
Microsoft Visual Studio Solution File, Format Version 12.00
# Visual Studio Version 17
VisualStudioVersion = 17.14.36705.20 d17.14
MinimumVisualStudioVersion = 10.0.40219.1
Project("{8BC9CEB8-8B4A-11D0-8D11-00A0C91BC942}") = "better_vpn", "better_vpn.vcxproj", "{FBE65C33-194B-D7B7-2390-EFF0BC805643}"
EndProject
Project("{8BC9CEB8-8B4A-11D0-8D11-00A0C91BC942}") = "better_vpn_user", "..\better_vpn_user\better_vpn_user.vcxproj", "{6FC10027-FBAA-40A2-AC6B-BC325663BFF8}"
EndProject
Global
	GlobalSection(SolutionConfigurationPlatforms) = preSolution
		Debug|ARM64 = Debug|ARM64
		Debug|x64 = Debug|x64
		Release|ARM64 = Release|ARM64
		Release|x64 = Release|x64
	EndGlobalSection
	GlobalSection(ProjectConfigurationPlatforms) = postSolution
		{FBE65C33-194B-D7B7-2390-EFF0BC805643}.Debug|ARM64.ActiveCfg = Debug|ARM64
		{FBE65C33-194B-D7B7-2390-EFF0BC805643}.Debug|ARM64.Build.0 = Debug|ARM64
		{FBE65C33-194B-D7B7-2390-EFF0BC805643}.Debug|ARM64.Deploy.0 = Debug|ARM64
		{FBE65C33-194B-D7B7-2390-EFF0BC805643}.Debug|x64.ActiveCfg = Debug|x64
		{FBE65C33-194B-D7B7-2390-EFF0BC805643}.Debug|x64.Build.0 = Debug|x64
		{FBE65C33-194B-D7B7-2390-EFF0BC805643}.Debug|x64.Deploy.0 = Debug|x64
		{FBE65C33-194B-D7B7-2390-EFF0BC805643}.Release|ARM64.ActiveCfg = Release|ARM64
		{FBE65C33-194B-D7B7-2390-EFF0BC805643}.Release|ARM64.Build.0 = Release|ARM64
		{FBE65C33-194B-D7B7-2390-EFF0BC805643}.Release|ARM64.Deploy.0 = Release|ARM64
		{FBE65C33-194B-D7B7-2390-EFF0BC805643}.Release|x64.ActiveCfg = Release|x64
		{FBE65C33-194B-D7B7-2390-EFF0BC805643}.Release|x64.Build.0 = Release|x64
		{FBE65C33-194B-D7B7-2390-EFF0BC805643}.Release|x64.Deploy.0 = Release|x64
		{6FC10027-FBAA-40A2-AC6B-BC325663BFF8}.Debug|ARM64.ActiveCfg = Debug|x64
		{6FC10027-FBAA-40A2-AC6B-BC325663BFF8}.Debug|ARM64.Build.0 = Debug|x64
		{6FC10027-FBAA-40A2-AC6B-BC325663BFF8}.Debug|x64.ActiveCfg = Debug|x64
		{6FC10027-FBAA-40A2-AC6B-BC325663BFF8}.Debug|x64.Build.0 = Debug|x64
		{6FC10027-FBAA-40A2-AC6B-BC325663BFF8}.Release|ARM64.ActiveCfg = Release|x64
		{6FC10027-FBAA-40A2-AC6B-BC325663BFF8}.Release|ARM64.Build.0 = Release|x64
		{6FC10027-FBAA-40A2-AC6B-BC325663BFF8}.Release|x64.ActiveCfg = Release|x64
		{6FC10027-FBAA-40A2-AC6B-BC325663BFF8}.Release|x64.Build.0 = Release|x64
	EndGlobalSection
	GlobalSection(SolutionProperties) = preSolution
		HideSolutionNode = FALSE
	EndGlobalSection
	GlobalSection(ExtensibilityGlobals) = postSolution
		SolutionGuid = {40ACD2E3-F093-400A-8253-174642902187}
	EndGlobalSection
EndGlobal
